// !$*UTF8*$!
{
	archiveVersion = 1;
	classes = {
	};
	objectVersion = 77;
	objects = {

/* Begin PBXContainerItemProxy section */
		8325653C2D58E0E300EF26AD /* PBXContainerItemProxy */ = {
			isa = PBXContainerItemProxy;
			containerPortal = 832565232D58E0E000EF26AD /* Project object */;
			proxyType = 1;
			remoteGlobalIDString = 8325652A2D58E0E000EF26AD;
			remoteInfo = "egg-timer-app";
		};
		832565462D58E0E300EF26AD /* PBXContainerItemProxy */ = {
			isa = PBXContainerItemProxy;
			containerPortal = 832565232D58E0E000EF26AD /* Project object */;
			proxyType = 1;
			remoteGlobalIDString = 8325652A2D58E0E000EF26AD;
			remoteInfo = "egg-timer-app";
		};
/* End PBXContainerItemProxy section */

/* Begin PBXFileReference section */
		8325652B2D58E0E000EF26AD /* egg-timer-app.app */ = {isa = PBXFileReference; explicitFileType = wrapper.application; includeInIndex = 0; path = "egg-timer-app.app"; sourceTree = BUILT_PRODUCTS_DIR; };
		8325653B2D58E0E300EF26AD /* egg-timer-appTests.xctest */ = {isa = PBXFileReference; explicitFileType = wrapper.cfbundle; includeInIndex = 0; path = "egg-timer-appTests.xctest"; sourceTree = BUILT_PRODUCTS_DIR; };
		832565452D58E0E300EF26AD /* egg-timer-appUITests.xctest */ = {isa = PBXFileReference; explicitFileType = wrapper.cfbundle; includeInIndex = 0; path = "egg-timer-appUITests.xctest"; sourceTree = BUILT_PRODUCTS_DIR; };
/* End PBXFileReference section */

/* Begin PBXFileSystemSynchronizedRootGroup section */
		8325652D2D58E0E000EF26AD /* egg-timer-app */ = {
			isa = PBXFileSystemSynchronizedRootGroup;
			path = "egg-timer-app";
			sourceTree = "<group>";
		};
		8325653E2D58E0E300EF26AD /* egg-timer-appTests */ = {
			isa = PBXFileSystemSynchronizedRootGroup;
			path = "egg-timer-appTests";
			sourceTree = "<group>";
		};
		832565482D58E0E300EF26AD /* egg-timer-appUITests */ = {
			isa = PBXFileSystemSynchronizedRootGroup;
			path = "egg-timer-appUITests";
			sourceTree = "<group>";
		};
/* End PBXFileSystemSynchronizedRootGroup section */

/* Begin PBXFrameworksBuildPhase section */
		832565282D58E0E000EF26AD /* Frameworks */ = {
			isa = PBXFrameworksBuildPhase;
			buildActionMask = 2147483647;
			files = (
			);
			runOnlyForDeploymentPostprocessing = 0;
		};
		832565382D58E0E300EF26AD /* Frameworks */ = {
			isa = PBXFrameworksBuildPhase;
			buildActionMask = 2147483647;
			files = (
			);
			runOnlyForDeploymentPostprocessing = 0;
		};
		832565422D58E0E300EF26AD /* Frameworks */ = {
			isa = PBXFrameworksBuildPhase;
			buildActionMask = 2147483647;
			files = (
			);
			runOnlyForDeploymentPostprocessing = 0;
		};
/* End PBXFrameworksBuildPhase section */

/* Begin PBXGroup section */
		832565222D58E0E000EF26AD = {
			isa = PBXGroup;
			children = (
				8325652D2D58E0E000EF26AD /* egg-timer-app */,
				8325653E2D58E0E300EF26AD /* egg-timer-appTests */,
				832565482D58E0E300EF26AD /* egg-timer-appUITests */,
				8325652C2D58E0E000EF26AD /* Products */,
			);
			sourceTree = "<group>";
		};
		8325652C2D58E0E000EF26AD /* Products */ = {
			isa = PBXGroup;
			children = (
				8325652B2D58E0E000EF26AD /* egg-timer-app.app */,
				8325653B2D58E0E300EF26AD /* egg-timer-appTests.xctest */,
				832565452D58E0E300EF26AD /* egg-timer-appUITests.xctest */,
			);
			name = Products;
			sourceTree = "<group>";
		};
/* End PBXGroup section */

/* Begin PBXNativeTarget section */
		8325652A2D58E0E000EF26AD /* egg-timer-app */ = {
			isa = PBXNativeTarget;
			buildConfigurationList = 8325654F2D58E0E300EF26AD /* Build configuration list for PBXNativeTarget "egg-timer-app" */;
			buildPhases = (
				832565272D58E0E000EF26AD /* Sources */,
				832565282D58E0E000EF26AD /* Frameworks */,
				832565292D58E0E000EF26AD /* Resources */,
			);
			buildRules = (
			);
			dependencies = (
			);
			fileSystemSynchronizedGroups = (
				8325652D2D58E0E000EF26AD /* egg-timer-app */,
			);
			name = "egg-timer-app";
			packageProductDependencies = (
			);
			productName = "egg-timer-app";
			productReference = 8325652B2D58E0E000EF26AD /* egg-timer-app.app */;
			productType = "com.apple.product-type.application";
		};
		8325653A2D58E0E300EF26AD /* egg-timer-appTests */ = {
			isa = PBXNativeTarget;
			buildConfigurationList = 832565522D58E0E300EF26AD /* Build configuration list for PBXNativeTarget "egg-timer-appTests" */;
			buildPhases = (
				832565372D58E0E300EF26AD /* Sources */,
				832565382D58E0E300EF26AD /* Frameworks */,
				832565392D58E0E300EF26AD /* Resources */,
			);
			buildRules = (
			);
			dependencies = (
				8325653D2D58E0E300EF26AD /* PBXTargetDependency */,
			);
			fileSystemSynchronizedGroups = (
				8325653E2D58E0E300EF26AD /* egg-timer-appTests */,
			);
			name = "egg-timer-appTests";
			packageProductDependencies = (
			);
			productName = "egg-timer-appTests";
			productReference = 8325653B2D58E0E300EF26AD /* egg-timer-appTests.xctest */;
			productType = "com.apple.product-type.bundle.unit-test";
		};
		832565442D58E0E300EF26AD /* egg-timer-appUITests */ = {
			isa = PBXNativeTarget;
			buildConfigurationList = 832565552D58E0E300EF26AD /* Build configuration list for PBXNativeTarget "egg-timer-appUITests" */;
			buildPhases = (
				832565412D58E0E300EF26AD /* Sources */,
				832565422D58E0E300EF26AD /* Frameworks */,
				832565432D58E0E300EF26AD /* Resources */,
			);
			buildRules = (
			);
			dependencies = (
				832565472D58E0E300EF26AD /* PBXTargetDependency */,
			);
			fileSystemSynchronizedGroups = (
				832565482D58E0E300EF26AD /* egg-timer-appUITests */,
			);
			name = "egg-timer-appUITests";
			packageProductDependencies = (
			);
			productName = "egg-timer-appUITests";
			productReference = 832565452D58E0E300EF26AD /* egg-timer-appUITests.xctest */;
			productType = "com.apple.product-type.bundle.ui-testing";
		};
/* End PBXNativeTarget section */

/* Begin PBXProject section */
		832565232D58E0E000EF26AD /* Project object */ = {
			isa = PBXProject;
			attributes = {
				BuildIndependentTargetsInParallel = 1;
				LastSwiftUpdateCheck = 1620;
				LastUpgradeCheck = 1620;
				TargetAttributes = {
					8325652A2D58E0E000EF26AD = {
						CreatedOnToolsVersion = 16.2;
					};
					8325653A2D58E0E300EF26AD = {
						CreatedOnToolsVersion = 16.2;
						TestTargetID = 8325652A2D58E0E000EF26AD;
					};
					832565442D58E0E300EF26AD = {
						CreatedOnToolsVersion = 16.2;
						TestTargetID = 8325652A2D58E0E000EF26AD;
					};
				};
			};
			buildConfigurationList = 832565262D58E0E000EF26AD /* Build configuration list for PBXProject "egg-timer-app" */;
			developmentRegion = en;
			hasScannedForEncodings = 0;
			knownRegions = (
				en,
				Base,
			);
			mainGroup = 832565222D58E0E000EF26AD;
			minimizedProjectReferenceProxies = 1;
			preferredProjectObjectVersion = 77;
			productRefGroup = 8325652C2D58E0E000EF26AD /* Products */;
			projectDirPath = "";
			projectRoot = "";
			targets = (
				8325652A2D58E0E000EF26AD /* egg-timer-app */,
				8325653A2D58E0E300EF26AD /* egg-timer-appTests */,
				832565442D58E0E300EF26AD /* egg-timer-appUITests */,
			);
		};
/* End PBXProject section */

/* Begin PBXResourcesBuildPhase section */
		832565292D58E0E000EF26AD /* Resources */ = {
			isa = PBXResourcesBuildPhase;
			buildActionMask = 2147483647;
			files = (
			);
			runOnlyForDeploymentPostprocessing = 0;
		};
		832565392D58E0E300EF26AD /* Resources */ = {
			isa = PBXResourcesBuildPhase;
			buildActionMask = 2147483647;
			files = (
			);
			runOnlyForDeploymentPostprocessing = 0;
		};
		832565432D58E0E300EF26AD /* Resources */ = {
			isa = PBXResourcesBuildPhase;
			buildActionMask = 2147483647;
			files = (
			);
			runOnlyForDeploymentPostprocessing = 0;
		};
/* End PBXResourcesBuildPhase section */

/* Begin PBXSourcesBuildPhase section */
		832565272D58E0E000EF26AD /* Sources */ = {
			isa = PBXSourcesBuildPhase;
			buildActionMask = 2147483647;
			files = (
			);
			runOnlyForDeploymentPostprocessing = 0;
		};
		832565372D58E0E300EF26AD /* Sources */ = {
			isa = PBXSourcesBuildPhase;
			buildActionMask = 2147483647;
			files = (
			);
			runOnlyForDeploymentPostprocessing = 0;
		};
		832565412D58E0E300EF26AD /* Sources */ = {
			isa = PBXSourcesBuildPhase;
			buildActionMask = 2147483647;
			files = (
			);
			runOnlyForDeploymentPostprocessing = 0;
		};
/* End PBXSourcesBuildPhase section */

/* Begin PBXTargetDependency section */
		8325653D2D58E0E300EF26AD /* PBXTargetDependency */ = {
			isa = PBXTargetDependency;
			target = 8325652A2D58E0E000EF26AD /* egg-timer-app */;
			targetProxy = 8325653C2D58E0E300EF26AD /* PBXContainerItemProxy */;
		};
		832565472D58E0E300EF26AD /* PBXTargetDependency */ = {
			isa = PBXTargetDependency;
			target = 8325652A2D58E0E000EF26AD /* egg-timer-app */;
			targetProxy = 832565462D58E0E300EF26AD /* PBXContainerItemProxy */;
		};
/* End PBXTargetDependency section */

/* Begin XCBuildConfiguration section */
		8325654D2D58E0E300EF26AD /* Debug */ = {
			isa = XCBuildConfiguration;
			buildSettings = {
				ALWAYS_SEARCH_USER_PATHS = NO;
				ASSETCATALOG_COMPILER_GENERATE_SWIFT_ASSET_SYMBOL_EXTENSIONS = YES;
				CLANG_ANALYZER_NONNULL = YES;
				CLANG_ANALYZER_NUMBER_OBJECT_CONVERSION = YES_AGGRESSIVE;
				CLANG_CXX_LANGUAGE_STANDARD = "gnu++20";
				CLANG_ENABLE_MODULES = YES;
				CLANG_ENABLE_OBJC_ARC = YES;
				CLANG_ENABLE_OBJC_WEAK = YES;
				CLANG_WARN_BLOCK_CAPTURE_AUTORELEASING = YES;
				CLANG_WARN_BOOL_CONVERSION = YES;
				CLANG_WARN_COMMA = YES;
				CLANG_WARN_CONSTANT_CONVERSION = YES;
				CLANG_WARN_DEPRECATED_OBJC_IMPLEMENTATIONS = YES;
				CLANG_WARN_DIRECT_OBJC_ISA_USAGE = YES_ERROR;
				CLANG_WARN_DOCUMENTATION_COMMENTS = YES;
				CLANG_WARN_EMPTY_BODY = YES;
				CLANG_WARN_ENUM_CONVERSION = YES;
				CLANG_WARN_INFINITE_RECURSION = YES;
				CLANG_WARN_INT_CONVERSION = YES;
				CLANG_WARN_NON_LITERAL_NULL_CONVERSION = YES;
				CLANG_WARN_OBJC_IMPLICIT_RETAIN_SELF = YES;
				CLANG_WARN_OBJC_LITERAL_CONVERSION = YES;
				CLANG_WARN_OBJC_ROOT_CLASS = YES_ERROR;
				CLANG_WARN_QUOTED_INCLUDE_IN_FRAMEWORK_HEADER = YES;
				CLANG_WARN_RANGE_LOOP_ANALYSIS = YES;
				CLANG_WARN_STRICT_PROTOTYPES = YES;
				CLANG_WARN_SUSPICIOUS_MOVE = YES;
				CLANG_WARN_UNGUARDED_AVAILABILITY = YES_AGGRESSIVE;
				CLANG_WARN_UNREACHABLE_CODE = YES;
				CLANG_WARN__DUPLICATE_METHOD_MATCH = YES;
				COPY_PHASE_STRIP = NO;
				DEBUG_INFORMATION_FORMAT = dwarf;
				ENABLE_STRICT_OBJC_MSGSEND = YES;
				ENABLE_TESTABILITY = YES;
				ENABLE_USER_SCRIPT_SANDBOXING = YES;
				GCC_C_LANGUAGE_STANDARD = gnu17;
				GCC_DYNAMIC_NO_PIC = NO;
				GCC_NO_COMMON_BLOCKS = YES;
				GCC_OPTIMIZATION_LEVEL = 0;
				GCC_PREPROCESSOR_DEFINITIONS = (
					"DEBUG=1",
					"$(inherited)",
				);
				GCC_WARN_64_TO_32_BIT_CONVERSION = YES;
				GCC_WARN_ABOUT_RETURN_TYPE = YES_ERROR;
				GCC_WARN_UNDECLARED_SELECTOR = YES;
				GCC_WARN_UNINITIALIZED_AUTOS = YES_AGGRESSIVE;
				GCC_WARN_UNUSED_FUNCTION = YES;
				GCC_WARN_UNUSED_VARIABLE = YES;
				IPHONEOS_DEPLOYMENT_TARGET = 18.2;
				LOCALIZATION_PREFERS_STRING_CATALOGS = YES;
				MTL_ENABLE_DEBUG_INFO = INCLUDE_SOURCE;
				MTL_FAST_MATH = YES;
				ONLY_ACTIVE_ARCH = YES;
				SDKROOT = iphoneos;
				SWIFT_ACTIVE_COMPILATION_CONDITIONS = "DEBUG $(inherited)";
				SWIFT_OPTIMIZATION_LEVEL = "-Onone";
			};
			name = Debug;
		};
		8325654E2D58E0E300EF26AD /* Release */ = {
			isa = XCBuildConfiguration;
			buildSettings = {
				ALWAYS_SEARCH_USER_PATHS = NO;
				ASSETCATALOG_COMPILER_GENERATE_SWIFT_ASSET_SYMBOL_EXTENSIONS = YES;
				CLANG_ANALYZER_NONNULL = YES;
				CLANG_ANALYZER_NUMBER_OBJECT_CONVERSION = YES_AGGRESSIVE;
				CLANG_CXX_LANGUAGE_STANDARD = "gnu++20";
				CLANG_ENABLE_MODULES = YES;
				CLANG_ENABLE_OBJC_ARC = YES;
				CLANG_ENABLE_OBJC_WEAK = YES;
				CLANG_WARN_BLOCK_CAPTURE_AUTORELEASING = YES;
				CLANG_WARN_BOOL_CONVERSION = YES;
				CLANG_WARN_COMMA = YES;
				CLANG_WARN_CONSTANT_CONVERSION = YES;
				CLANG_WARN_DEPRECATED_OBJC_IMPLEMENTATIONS = YES;
				CLANG_WARN_DIRECT_OBJC_ISA_USAGE = YES_ERROR;
				CLANG_WARN_DOCUMENTATION_COMMENTS = YES;
				CLANG_WARN_EMPTY_BODY = YES;
				CLANG_WARN_ENUM_CONVERSION = YES;
				CLANG_WARN_INFINITE_RECURSION = YES;
				CLANG_WARN_INT_CONVERSION = YES;
				CLANG_WARN_NON_LITERAL_NULL_CONVERSION = YES;
				CLANG_WARN_OBJC_IMPLICIT_RETAIN_SELF = YES;
				CLANG_WARN_OBJC_LITERAL_CONVERSION = YES;
				CLANG_WARN_OBJC_ROOT_CLASS = YES_ERROR;
				CLANG_WARN_QUOTED_INCLUDE_IN_FRAMEWORK_HEADER = YES;
				CLANG_WARN_RANGE_LOOP_ANALYSIS = YES;
				CLANG_WARN_STRICT_PROTOTYPES = YES;
				CLANG_WARN_SUSPICIOUS_MOVE = YES;
				CLANG_WARN_UNGUARDED_AVAILABILITY = YES_AGGRESSIVE;
				CLANG_WARN_UNREACHABLE_CODE = YES;
				CLANG_WARN__DUPLICATE_METHOD_MATCH = YES;
				COPY_PHASE_STRIP = NO;
				DEBUG_INFORMATION_FORMAT = "dwarf-with-dsym";
				ENABLE_NS_ASSERTIONS = NO;
				ENABLE_STRICT_OBJC_MSGSEND = YES;
				ENABLE_USER_SCRIPT_SANDBOXING = YES;
				GCC_C_LANGUAGE_STANDARD = gnu17;
				GCC_NO_COMMON_BLOCKS = YES;
				GCC_WARN_64_TO_32_BIT_CONVERSION = YES;
				GCC_WARN_ABOUT_RETURN_TYPE = YES_ERROR;
				GCC_WARN_UNDECLARED_SELECTOR = YES;
				GCC_WARN_UNINITIALIZED_AUTOS = YES_AGGRESSIVE;
				GCC_WARN_UNUSED_FUNCTION = YES;
				GCC_WARN_UNUSED_VARIABLE = YES;
				IPHONEOS_DEPLOYMENT_TARGET = 18.2;
				LOCALIZATION_PREFERS_STRING_CATALOGS = YES;
				MTL_ENABLE_DEBUG_INFO = NO;
				MTL_FAST_MATH = YES;
				SDKROOT = iphoneos;
				SWIFT_COMPILATION_MODE = wholemodule;
				VALIDATE_PRODUCT = YES;
			};
			name = Release;
		};
		832565502D58E0E300EF26AD /* Debug */ = {
			isa = XCBuildConfiguration;
			buildSettings = {
				ASSETCATALOG_COMPILER_APPICON_NAME = AppIcon;
				ASSETCATALOG_COMPILER_GLOBAL_ACCENT_COLOR_NAME = AccentColor;
				CODE_SIGN_STYLE = Automatic;
				CURRENT_PROJECT_VERSION = 1;
				DEVELOPMENT_ASSET_PATHS = "\"egg-timer-app/Preview Content\"";
				ENABLE_PREVIEWS = YES;
				GENERATE_INFOPLIST_FILE = YES;
				INFOPLIST_KEY_UIApplicationSceneManifest_Generation = YES;
				INFOPLIST_KEY_UIApplicationSupportsIndirectInputEvents = YES;
				INFOPLIST_KEY_UILaunchScreen_Generation = YES;
				INFOPLIST_KEY_UISupportedInterfaceOrientations_iPad = "UIInterfaceOrientationPortrait UIInterfaceOrientationPortraitUpsideDown UIInterfaceOrientationLandscapeLeft UIInterfaceOrientationLandscapeRight";
				INFOPLIST_KEY_UISupportedInterfaceOrientations_iPhone = "UIInterfaceOrientationPortrait UIInterfaceOrientationLandscapeLeft UIInterfaceOrientationLandscapeRight";
				LD_RUNPATH_SEARCH_PATHS = (
					"$(inherited)",
					"@executable_path/Frameworks",
				);
				MARKETING_VERSION = 1.0;
				PRODUCT_BUNDLE_IDENTIFIER = "cleanxcodes.egg-timer-app";
				PRODUCT_NAME = "$(TARGET_NAME)";
				SWIFT_EMIT_LOC_STRINGS = YES;
				SWIFT_VERSION = 5.0;
				TARGETED_DEVICE_FAMILY = "1,2";
			};
			name = Debug;
		};
		832565512D58E0E300EF26AD /* Release */ = {
			isa = XCBuildConfiguration;
			buildSettings = {
				ASSETCATALOG_COMPILER_APPICON_NAME = AppIcon;
				ASSETCATALOG_COMPILER_GLOBAL_ACCENT_COLOR_NAME = AccentColor;
				CODE_SIGN_STYLE = Automatic;
				CURRENT_PROJECT_VERSION = 1;
				DEVELOPMENT_ASSET_PATHS = "\"egg-timer-app/Preview Content\"";
				ENABLE_PREVIEWS = YES;
				GENERATE_INFOPLIST_FILE = YES;
				INFOPLIST_KEY_UIApplicationSceneManifest_Generation = YES;
				INFOPLIST_KEY_UIApplicationSupportsIndirectInputEvents = YES;
				INFOPLIST_KEY_UILaunchScreen_Generation = YES;
				INFOPLIST_KEY_UISupportedInterfaceOrientations_iPad = "UIInterfaceOrientationPortrait UIInterfaceOrientationPortraitUpsideDown UIInterfaceOrientationLandscapeLeft UIInterfaceOrientationLandscapeRight";
				INFOPLIST_KEY_UISupportedInterfaceOrientations_iPhone = "UIInterfaceOrientationPortrait UIInterfaceOrientationLandscapeLeft UIInterfaceOrientationLandscapeRight";
				LD_RUNPATH_SEARCH_PATHS = (
					"$(inherited)",
					"@executable_path/Frameworks",
				);
				MARKETING_VERSION = 1.0;
				PRODUCT_BUNDLE_IDENTIFIER = "cleanxcodes.egg-timer-app";
				PRODUCT_NAME = "$(TARGET_NAME)";
				SWIFT_EMIT_LOC_STRINGS = YES;
				SWIFT_VERSION = 5.0;
				TARGETED_DEVICE_FAMILY = "1,2";
			};
			name = Release;
		};
		832565532D58E0E300EF26AD /* Debug */ = {
			isa = XCBuildConfiguration;
			buildSettings = {
				BUNDLE_LOADER = "$(TEST_HOST)";
				CODE_SIGN_STYLE = Automatic;
				CURRENT_PROJECT_VERSION = 1;
				GENERATE_INFOPLIST_FILE = YES;
				IPHONEOS_DEPLOYMENT_TARGET = 18.2;
				MARKETING_VERSION = 1.0;
				PRODUCT_BUNDLE_IDENTIFIER = "cleanxcodes.egg-timer-appTests";
				PRODUCT_NAME = "$(TARGET_NAME)";
				SWIFT_EMIT_LOC_STRINGS = NO;
				SWIFT_VERSION = 5.0;
				TARGETED_DEVICE_FAMILY = "1,2";
				TEST_HOST = "$(BUILT_PRODUCTS_DIR)/egg-timer-app.app/$(BUNDLE_EXECUTABLE_FOLDER_PATH)/egg-timer-app";
			};
			name = Debug;
		};
		832565542D58E0E300EF26AD /* Release */ = {
			isa = XCBuildConfiguration;
			buildSettings = {
				BUNDLE_LOADER = "$(TEST_HOST)";
				CODE_SIGN_STYLE = Automatic;
				CURRENT_PROJECT_VERSION = 1;
				GENERATE_INFOPLIST_FILE = YES;
				IPHONEOS_DEPLOYMENT_TARGET = 18.2;
				MARKETING_VERSION = 1.0;
				PRODUCT_BUNDLE_IDENTIFIER = "cleanxcodes.egg-timer-appTests";
				PRODUCT_NAME = "$(TARGET_NAME)";
				SWIFT_EMIT_LOC_STRINGS = NO;
				SWIFT_VERSION = 5.0;
				TARGETED_DEVICE_FAMILY = "1,2";
				TEST_HOST = "$(BUILT_PRODUCTS_DIR)/egg-timer-app.app/$(BUNDLE_EXECUTABLE_FOLDER_PATH)/egg-timer-app";
			};
			name = Release;
		};
		832565562D58E0E300EF26AD /* Debug */ = {
			isa = XCBuildConfiguration;
			buildSettings = {
				CODE_SIGN_STYLE = Automatic;
				CURRENT_PROJECT_VERSION = 1;
				GENERATE_INFOPLIST_FILE = YES;
				MARKETING_VERSION = 1.0;
				PRODUCT_BUNDLE_IDENTIFIER = "cleanxcodes.egg-timer-appUITests";
				PRODUCT_NAME = "$(TARGET_NAME)";
				SWIFT_EMIT_LOC_STRINGS = NO;
				SWIFT_VERSION = 5.0;
				TARGETED_DEVICE_FAMILY = "1,2";
				TEST_TARGET_NAME = "egg-timer-app";
			};
			name = Debug;
		};
		832565572D58E0E300EF26AD /* Release */ = {
			isa = XCBuildConfiguration;
			buildSettings = {
				CODE_SIGN_STYLE = Automatic;
				CURRENT_PROJECT_VERSION = 1;
				GENERATE_INFOPLIST_FILE = YES;
				MARKETING_VERSION = 1.0;
				PRODUCT_BUNDLE_IDENTIFIER = "cleanxcodes.egg-timer-appUITests";
				PRODUCT_NAME = "$(TARGET_NAME)";
				SWIFT_EMIT_LOC_STRINGS = NO;
				SWIFT_VERSION = 5.0;
				TARGETED_DEVICE_FAMILY = "1,2";
				TEST_TARGET_NAME = "egg-timer-app";
			};
			name = Release;
		};
/* End XCBuildConfiguration section */

/* Begin XCConfigurationList section */
		832565262D58E0E000EF26AD /* Build configuration list for PBXProject "egg-timer-app" */ = {
			isa = XCConfigurationList;
			buildConfigurations = (
				8325654D2D58E0E300EF26AD /* Debug */,
				8325654E2D58E0E300EF26AD /* Release */,
			);
			defaultConfigurationIsVisible = 0;
			defaultConfigurationName = Release;
		};
		8325654F2D58E0E300EF26AD /* Build configuration list for PBXNativeTarget "egg-timer-app" */ = {
			isa = XCConfigurationList;
			buildConfigurations = (
				832565502D58E0E300EF26AD /* Debug */,
				832565512D58E0E300EF26AD /* Release */,
			);
			defaultConfigurationIsVisible = 0;
			defaultConfigurationName = Release;
		};
		832565522D58E0E300EF26AD /* Build configuration list for PBXNativeTarget "egg-timer-appTests" */ = {
			isa = XCConfigurationList;
			buildConfigurations = (
				832565532D58E0E300EF26AD /* Debug */,
				832565542D58E0E300EF26AD /* Release */,
			);
			defaultConfigurationIsVisible = 0;
			defaultConfigurationName = Release;
		};
		832565552D58E0E300EF26AD /* Build configuration list for PBXNativeTarget "egg-timer-appUITests" */ = {
			isa = XCConfigurationList;
			buildConfigurations = (
				832565562D58E0E300EF26AD /* Debug */,
				832565572D58E0E300EF26AD /* Release */,
			);
			defaultConfigurationIsVisible = 0;
			defaultConfigurationName = Release;
		};
/* End XCConfigurationList section */
	};
	rootObject = 832565232D58E0E000EF26AD /* Project object */;
}
